<?xml version="1.0" encoding="utf-8"?>
<Project ToolsVersion="4.0" xmlns="http://schemas.microsoft.com/developer/msbuild/2003">
  <ItemGroup>
    <ClCompile Include="AI.cpp" />
    <ClCompile Include="Framework\console.cpp" />
    <ClCompile Include="Framework\timer.cpp" />
    <ClCompile Include="game.cpp" />
    <ClCompile Include="LevelSelect.cpp" />
    <ClCompile Include="main.cpp" />
    <ClCompile Include="Torchlight.cpp" />
    <ClCompile Include="Leaderboard.cpp" />
    <ClCompile Include="PlayerCharacter.cpp" />
    <ClCompile Include="Levels.cpp" />
    <ClCompile Include="Story.cpp" />
  </ItemGroup>
  <ItemGroup>
    <ClInclude Include="Framework\console.h" />
    <ClInclude Include="Framework\timer.h" />
    <ClInclude Include="game.h" />
    <ClInclude Include="Levels.h" />
    <ClInclude Include="Story.h" />
  </ItemGroup>
</Project>