<?xml version="1.0" encoding="utf-8"?>
<Project ToolsVersion="4.0" xmlns="http://schemas.microsoft.com/developer/msbuild/2003">
  <ItemGroup>
    <ClCompile Include="AI.cpp" />
    <ClCompile Include="BonusRoom.cpp" />
    <ClCompile Include="characterMovement.cpp" />
    <ClCompile Include="characterSpawn.cpp" />
    <ClCompile Include="Framework\console.cpp" />
    <ClCompile Include="Framework\timer.cpp" />
    <ClCompile Include="game.cpp" />
    <ClCompile Include="LevelEight.cpp" />
    <ClCompile Include="LevelFive.cpp" />
    <ClCompile Include="LevelFour.cpp" />
    <ClCompile Include="LevelNine.cpp" />
    <ClCompile Include="LevelOne.cpp" />
    <ClCompile Include="LevelSelect.cpp" />
    <ClCompile Include="LevelSeven.cpp" />
    <ClCompile Include="LevelSix.cpp" />
    <ClCompile Include="LevelTen.cpp" />
    <ClCompile Include="LevelThree.cpp" />
    <ClCompile Include="LevelTwo.cpp" />
    <ClCompile Include="main.cpp" />
    <ClCompile Include="StoryEight.cpp" />
    <ClCompile Include="StoryEnd.cpp" />
    <ClCompile Include="StoryFive.cpp" />
    <ClCompile Include="StoryFour.cpp" />
    <ClCompile Include="StoryNine.cpp" />
    <ClCompile Include="StoryOne.cpp" />
    <ClCompile Include="StorySeven.cpp" />
    <ClCompile Include="StorySix.cpp" />
    <ClCompile Include="StoryTen.cpp" />
    <ClCompile Include="StoryThree.cpp" />
    <ClCompile Include="StoryTwo.cpp" />
    <ClCompile Include="Torchlight.cpp" />
    <ClCompile Include="Leaderboard.cpp" />
  </ItemGroup>
  <ItemGroup>
    <ClInclude Include="AI.h" />
    <ClInclude Include="Framework\console.h" />
    <ClInclude Include="Framework\timer.h" />
    <ClInclude Include="game.h" />
    <ClInclude Include="Levels.h" />
    <ClInclude Include="Story.h" />
  </ItemGroup>
</Project>