<?xml version="1.0" encoding="utf-8"?>
<Project ToolsVersion="4.0" xmlns="http://schemas.microsoft.com/developer/msbuild/2003">
  <ItemGroup>
    <Filter Include="Source Files">
      <UniqueIdentifier>{4FC737F1-C7A5-4376-A066-2A32D752A2FF}</UniqueIdentifier>
      <Extensions>cpp;c;cc;cxx;def;odl;idl;hpj;bat;asm;asmx</Extensions>
    </Filter>
    <Filter Include="Header Files">
      <UniqueIdentifier>{93995380-89BD-4b04-88EB-625FBE52EBFB}</UniqueIdentifier>
      <Extensions>h;hpp;hxx;hm;inl;inc;xsd</Extensions>
    </Filter>
    <Filter Include="Resource Files">
      <UniqueIdentifier>{67DA6AB6-F800-4c08-8B7A-83BB121AAD01}</UniqueIdentifier>
      <Extensions>rc;ico;cur;bmp;dlg;rc2;rct;bin;rgs;gif;jpg;jpeg;jpe;resx;tiff;tif;png;wav;mfcribbon-ms</Extensions>
    </Filter>
    <Filter Include="Header Files\Framework">
      <UniqueIdentifier>{07667b27-3d02-4514-a465-3fd8b26758ff}</UniqueIdentifier>
    </Filter>
    <Filter Include="Source Files\Framework">
      <UniqueIdentifier>{37c19c94-9502-4b2b-b3f1-70fa908b49af}</UniqueIdentifier>
    </Filter>
    <Filter Include="Source Files\Levels">
      <UniqueIdentifier>{5e53fca8-e19d-4583-bac5-620e222e00d9}</UniqueIdentifier>
    </Filter>
    <Filter Include="Header Files\LevelsHeader">
      <UniqueIdentifier>{6cce7a79-029e-494a-bfa2-ccf65ee944be}</UniqueIdentifier>
    </Filter>
  </ItemGroup>
  <ItemGroup>
    <ClCompile Include="main.cpp">
      <Filter>Source Files</Filter>
    </ClCompile>
    <ClCompile Include="Framework\console.cpp">
      <Filter>Source Files\Framework</Filter>
    </ClCompile>
    <ClCompile Include="Framework\timer.cpp">
      <Filter>Source Files\Framework</Filter>
    </ClCompile>
    <ClCompile Include="game.cpp">
      <Filter>Source Files</Filter>
    </ClCompile>
    <ClCompile Include="spikes.cpp">
      <Filter>Source Files</Filter>
    </ClCompile>
    <ClCompile Include="gamePauseScreen.cpp">
      <Filter>Source Files</Filter>
    </ClCompile>
    <ClCompile Include="AI.cpp">
      <Filter>Source Files</Filter>
    </ClCompile>
    <ClCompile Include="BonusRoom.cpp">
      <Filter>Source Files\Levels</Filter>
    </ClCompile>
    <ClCompile Include="LevelEight.cpp">
      <Filter>Source Files\Levels</Filter>
    </ClCompile>
    <ClCompile Include="LevelFive.cpp">
      <Filter>Source Files\Levels</Filter>
    </ClCompile>
    <ClCompile Include="LevelFour.cpp">
      <Filter>Source Files\Levels</Filter>
    </ClCompile>
    <ClCompile Include="LevelNine.cpp">
      <Filter>Source Files\Levels</Filter>
    </ClCompile>
    <ClCompile Include="LevelOne.cpp">
      <Filter>Source Files\Levels</Filter>
    </ClCompile>
    <ClCompile Include="levelselection.cpp">
      <Filter>Source Files\Levels</Filter>
    </ClCompile>
    <ClCompile Include="LevelSeven.cpp">
      <Filter>Source Files\Levels</Filter>
    </ClCompile>
    <ClCompile Include="LevelSix.cpp">
      <Filter>Source Files\Levels</Filter>
    </ClCompile>
    <ClCompile Include="LevelTen.cpp">
      <Filter>Source Files\Levels</Filter>
    </ClCompile>
    <ClCompile Include="LevelThree.cpp">
      <Filter>Source Files\Levels</Filter>
    </ClCompile>
    <ClCompile Include="LevelTwo.cpp">
      <Filter>Source Files\Levels</Filter>
    </ClCompile>
  </ItemGroup>
  <ItemGroup>
    <ClInclude Include="Framework\console.h">
      <Filter>Header Files\Framework</Filter>
    </ClInclude>
    <ClInclude Include="Framework\timer.h">
      <Filter>Header Files\Framework</Filter>
    </ClInclude>
    <ClInclude Include="game.h">
      <Filter>Header Files</Filter>
    </ClInclude>
    <ClInclude Include="AI.h">
      <Filter>Header Files</Filter>
    </ClInclude>
    <ClInclude Include="LevelOne.h">
      <Filter>Header Files\LevelsHeader</Filter>
    </ClInclude>
    <ClInclude Include="BonusRoom.h">
      <Filter>Header Files\LevelsHeader</Filter>
    </ClInclude>
    <ClInclude Include="levelselection.h">
      <Filter>Header Files\LevelsHeader</Filter>
    </ClInclude>
    <ClInclude Include="LevelEight.h">
      <Filter>Header Files\LevelsHeader</Filter>
    </ClInclude>
    <ClInclude Include="LevelFive.h">
      <Filter>Header Files\LevelsHeader</Filter>
    </ClInclude>
    <ClInclude Include="LevelFour.h">
      <Filter>Header Files\LevelsHeader</Filter>
    </ClInclude>
    <ClInclude Include="LevelNine.h">
      <Filter>Header Files\LevelsHeader</Filter>
    </ClInclude>
    <ClInclude Include="LevelSeven.h">
      <Filter>Header Files\LevelsHeader</Filter>
    </ClInclude>
    <ClInclude Include="LevelSix.h">
      <Filter>Header Files\LevelsHeader</Filter>
    </ClInclude>
    <ClInclude Include="LevelTen.h">
      <Filter>Header Files\LevelsHeader</Filter>
    </ClInclude>
    <ClInclude Include="LevelThree.h">
      <Filter>Header Files\LevelsHeader</Filter>
    </ClInclude>
    <ClInclude Include="LevelTwo.h">
      <Filter>Header Files\LevelsHeader</Filter>
    </ClInclude>
    <ClInclude Include="Levels.h">
      <Filter>Header Files\Framework</Filter>
    </ClInclude>
  </ItemGroup>
</Project>